
Microsoft Visual Studio Solution File, Format Version 12.00
# Visual Studio Version 17
VisualStudioVersion = 17.8.34408.163
MinimumVisualStudioVersion = 10.0.40219.1
Project("{FAE04EC0-301F-11D3-BF4B-00C04F79EFBC}") = "ArithmeticC#", "ArithmeticC#\ArithmeticC#.csproj", "{C14EDCAA-E3D9-4212-9E74-256DE5A1B10C}"
EndProject
Global
	GlobalSection(SolutionConfigurationPlatforms) = preSolution
		Debug|Any CPU = Debug|Any CPU
		Release|Any CPU = Release|Any CPU
	EndGlobalSection
	GlobalSection(ProjectConfigurationPlatforms) = postSolution
		{C14EDCAA-E3D9-4212-9E74-256DE5A1B10C}.Debug|Any CPU.ActiveCfg = Debug|Any CPU
		{C14EDCAA-E3D9-4212-9E74-256DE5A1B10C}.Debug|Any CPU.Build.0 = Debug|Any CPU
		{C14EDCAA-E3D9-4212-9E74-256DE5A1B10C}.Release|Any CPU.ActiveCfg = Release|Any CPU
		{C14EDCAA-E3D9-4212-9E74-256DE5A1B10C}.Release|Any CPU.Build.0 = Release|Any CPU
	EndGlobalSection
	GlobalSection(SolutionProperties) = preSolution
		HideSolutionNode = FALSE
	EndGlobalSection
	GlobalSection(ExtensibilityGlobals) = postSolution
		SolutionGuid = {78FFB73D-91D0-4367-BC84-F17E4650E634}
	EndGlobalSection
EndGlobal
